
Microsoft Visual Studio Solution File, Format Version 12.00
# Visual Studio Version 17
VisualStudioVersion = 17.7.34024.191
MinimumVisualStudioVersion = 10.0.40219.1
Project("{FAE04EC0-301F-11D3-BF4B-00C04F79EFBC}") = "Employee", "InternProject\Employee.csproj", "{86E86D8B-1E48-4401-946F-4C644161F2BB}"
EndProject
Project("{FAE04EC0-301F-11D3-BF4B-00C04F79EFBC}") = "TaskManager", "TaskManager\TaskManager.csproj", "{8467A3D2-3F73-4733-B2FE-8A8B085C39EC}"
EndProject
Global
	GlobalSection(SolutionConfigurationPlatforms) = preSolution
		Debug|Any CPU = Debug|Any CPU
		Release|Any CPU = Release|Any CPU
	EndGlobalSection
	GlobalSection(ProjectConfigurationPlatforms) = postSolution
		{86E86D8B-1E48-4401-946F-4C644161F2BB}.Debug|Any CPU.ActiveCfg = Debug|Any CPU
		{86E86D8B-1E48-4401-946F-4C644161F2BB}.Debug|Any CPU.Build.0 = Debug|Any CPU
		{86E86D8B-1E48-4401-946F-4C644161F2BB}.Release|Any CPU.ActiveCfg = Release|Any CPU
		{86E86D8B-1E48-4401-946F-4C644161F2BB}.Release|Any CPU.Build.0 = Release|Any CPU
		{8467A3D2-3F73-4733-B2FE-8A8B085C39EC}.Debug|Any CPU.ActiveCfg = Debug|Any CPU
		{8467A3D2-3F73-4733-B2FE-8A8B085C39EC}.Debug|Any CPU.Build.0 = Debug|Any CPU
		{8467A3D2-3F73-4733-B2FE-8A8B085C39EC}.Release|Any CPU.ActiveCfg = Release|Any CPU
		{8467A3D2-3F73-4733-B2FE-8A8B085C39EC}.Release|Any CPU.Build.0 = Release|Any CPU
	EndGlobalSection
	GlobalSection(SolutionProperties) = preSolution
		HideSolutionNode = FALSE
	EndGlobalSection
	GlobalSection(ExtensibilityGlobals) = postSolution
		SolutionGuid = {18A6EA28-3DD3-47DC-A530-92194B169588}
	EndGlobalSection
EndGlobal
